
Microsoft Visual Studio Solution File, Format Version 12.00
# Visual Studio 2012
Project("{FAE04EC0-301F-11D3-BF4B-00C04F79EFBC}") = "StoreSolution.DatabaseProject", "StoreSolution.DatabaseProject\StoreSolution.DatabaseProject.csproj", "{80F5AD67-5066-4168-ABF9-FC128A152D49}"
EndProject
Project("{FAE04EC0-301F-11D3-BF4B-00C04F79EFBC}") = "StoreSolution.WebProject", "StoreSolution.WebProject\StoreSolution.WebProject.csproj", "{84102CCA-EE99-4F2B-BD7A-D3ECEB1DF2BD}"
EndProject
Project("{2150E333-8FDC-42A3-9474-1A3956D46DE8}") = ".nuget", ".nuget", "{86D982EF-D3BC-47E8-8DCC-A9FAD6C40C07}"
	ProjectSection(SolutionItems) = preProject
		.nuget\NuGet.Config = .nuget\NuGet.Config
		.nuget\NuGet.exe = .nuget\NuGet.exe
		.nuget\NuGet.targets = .nuget\NuGet.targets
	EndProjectSection
EndProject
Project("{2150E333-8FDC-42A3-9474-1A3956D46DE8}") = "Tests", "Tests", "{21E09C38-322D-4B8A-BDE9-F0641DAA8BCF}"
EndProject
Project("{FAE04EC0-301F-11D3-BF4B-00C04F79EFBC}") = "StoreSolution.DatabaseProject.UnitTests", "StoreSolution.DatabaseProject.UnitTests\StoreSolution.DatabaseProject.UnitTests.csproj", "{29C8C34B-4023-46EE-8B3B-75EA1729A79B}"
EndProject
Global
	GlobalSection(SolutionConfigurationPlatforms) = preSolution
		Debug|Any CPU = Debug|Any CPU
		Release|Any CPU = Release|Any CPU
	EndGlobalSection
	GlobalSection(ProjectConfigurationPlatforms) = postSolution
		{80F5AD67-5066-4168-ABF9-FC128A152D49}.Debug|Any CPU.ActiveCfg = Debug|Any CPU
		{80F5AD67-5066-4168-ABF9-FC128A152D49}.Debug|Any CPU.Build.0 = Debug|Any CPU
		{80F5AD67-5066-4168-ABF9-FC128A152D49}.Release|Any CPU.ActiveCfg = Release|Any CPU
		{80F5AD67-5066-4168-ABF9-FC128A152D49}.Release|Any CPU.Build.0 = Release|Any CPU
		{84102CCA-EE99-4F2B-BD7A-D3ECEB1DF2BD}.Debug|Any CPU.ActiveCfg = Debug|Any CPU
		{84102CCA-EE99-4F2B-BD7A-D3ECEB1DF2BD}.Debug|Any CPU.Build.0 = Debug|Any CPU
		{84102CCA-EE99-4F2B-BD7A-D3ECEB1DF2BD}.Release|Any CPU.ActiveCfg = Release|Any CPU
		{84102CCA-EE99-4F2B-BD7A-D3ECEB1DF2BD}.Release|Any CPU.Build.0 = Release|Any CPU
		{29C8C34B-4023-46EE-8B3B-75EA1729A79B}.Debug|Any CPU.ActiveCfg = Debug|Any CPU
		{29C8C34B-4023-46EE-8B3B-75EA1729A79B}.Debug|Any CPU.Build.0 = Debug|Any CPU
		{29C8C34B-4023-46EE-8B3B-75EA1729A79B}.Release|Any CPU.ActiveCfg = Release|Any CPU
		{29C8C34B-4023-46EE-8B3B-75EA1729A79B}.Release|Any CPU.Build.0 = Release|Any CPU
	EndGlobalSection
	GlobalSection(SolutionProperties) = preSolution
		HideSolutionNode = FALSE
	EndGlobalSection
	GlobalSection(NestedProjects) = preSolution
		{29C8C34B-4023-46EE-8B3B-75EA1729A79B} = {21E09C38-322D-4B8A-BDE9-F0641DAA8BCF}
	EndGlobalSection
EndGlobal
